// !$*UTF8*$!
{
	archiveVersion = 1;
	classes = {
	};
	objectVersion = 56;
	objects = {

/* Begin PBXBuildFile section */
		8122D6F629FC4A6E001ABD29 /* MapaView.swift in Sources */ = {isa = PBXBuildFile; fileRef = 8122D6F529FC4A6E001ABD29 /* MapaView.swift */; };
		81C4D66229FAA2FC006C43D8 /* AluraViagensApp.swift in Sources */ = {isa = PBXBuildFile; fileRef = 81C4D66129FAA2FC006C43D8 /* AluraViagensApp.swift */; };
		81C4D66429FAA2FC006C43D8 /* ContentView.swift in Sources */ = {isa = PBXBuildFile; fileRef = 81C4D66329FAA2FC006C43D8 /* ContentView.swift */; };
		81C4D66629FAA2FE006C43D8 /* Assets.xcassets in Resources */ = {isa = PBXBuildFile; fileRef = 81C4D66529FAA2FE006C43D8 /* Assets.xcassets */; };
		81C4D66929FAA2FE006C43D8 /* Preview Assets.xcassets in Resources */ = {isa = PBXBuildFile; fileRef = 81C4D66829FAA2FE006C43D8 /* Preview Assets.xcassets */; };
		81C4D67029FAF88E006C43D8 /* viagens.json in Resources */ = {isa = PBXBuildFile; fileRef = 81C4D66F29FAF88E006C43D8 /* viagens.json */; };
		81C4D67429FAFBA2006C43D8 /* Dados.swift in Sources */ = {isa = PBXBuildFile; fileRef = 81C4D67229FAFBA2006C43D8 /* Dados.swift */; };
		81C4D67529FAFBA2006C43D8 /* Viagem.swift in Sources */ = {isa = PBXBuildFile; fileRef = 81C4D67329FAFBA2006C43D8 /* Viagem.swift */; };
		81C4D67829FAFDDA006C43D8 /* HeaderView.swift in Sources */ = {isa = PBXBuildFile; fileRef = 81C4D67729FAFDDA006C43D8 /* HeaderView.swift */; };
		81C4D67A29FAFEA1006C43D8 /* CelulaViagemView.swift in Sources */ = {isa = PBXBuildFile; fileRef = 81C4D67929FAFEA1006C43D8 /* CelulaViagemView.swift */; };
/* End PBXBuildFile section */

/* Begin PBXFileReference section */
		8122D6F529FC4A6E001ABD29 /* MapaView.swift */ = {isa = PBXFileReference; lastKnownFileType = sourcecode.swift; path = MapaView.swift; sourceTree = "<group>"; };
		81C4D65E29FAA2FC006C43D8 /* AluraViagens.app */ = {isa = PBXFileReference; explicitFileType = wrapper.application; includeInIndex = 0; path = AluraViagens.app; sourceTree = BUILT_PRODUCTS_DIR; };
		81C4D66129FAA2FC006C43D8 /* AluraViagensApp.swift */ = {isa = PBXFileReference; lastKnownFileType = sourcecode.swift; path = AluraViagensApp.swift; sourceTree = "<group>"; };
		81C4D66329FAA2FC006C43D8 /* ContentView.swift */ = {isa = PBXFileReference; lastKnownFileType = sourcecode.swift; path = ContentView.swift; sourceTree = "<group>"; };
		81C4D66529FAA2FE006C43D8 /* Assets.xcassets */ = {isa = PBXFileReference; lastKnownFileType = folder.assetcatalog; path = Assets.xcassets; sourceTree = "<group>"; };
		81C4D66829FAA2FE006C43D8 /* Preview Assets.xcassets */ = {isa = PBXFileReference; lastKnownFileType = folder.assetcatalog; path = "Preview Assets.xcassets"; sourceTree = "<group>"; };
		81C4D66F29FAF88E006C43D8 /* viagens.json */ = {isa = PBXFileReference; fileEncoding = 4; lastKnownFileType = text.json; path = viagens.json; sourceTree = "<group>"; };
		81C4D67229FAFBA2006C43D8 /* Dados.swift */ = {isa = PBXFileReference; fileEncoding = 4; lastKnownFileType = sourcecode.swift; path = Dados.swift; sourceTree = "<group>"; };
		81C4D67329FAFBA2006C43D8 /* Viagem.swift */ = {isa = PBXFileReference; fileEncoding = 4; lastKnownFileType = sourcecode.swift; path = Viagem.swift; sourceTree = "<group>"; };
		81C4D67729FAFDDA006C43D8 /* HeaderView.swift */ = {isa = PBXFileReference; lastKnownFileType = sourcecode.swift; path = HeaderView.swift; sourceTree = "<group>"; };
		81C4D67929FAFEA1006C43D8 /* CelulaViagemView.swift */ = {isa = PBXFileReference; lastKnownFileType = sourcecode.swift; path = CelulaViagemView.swift; sourceTree = "<group>"; };
/* End PBXFileReference section */

/* Begin PBXFrameworksBuildPhase section */
		81C4D65B29FAA2FC006C43D8 /* Frameworks */ = {
			isa = PBXFrameworksBuildPhase;
			buildActionMask = 2147483647;
			files = (
			);
			runOnlyForDeploymentPostprocessing = 0;
		};
/* End PBXFrameworksBuildPhase section */

/* Begin PBXGroup section */
		81C4D65529FAA2FC006C43D8 = {
			isa = PBXGroup;
			children = (
				81C4D66029FAA2FC006C43D8 /* AluraViagens */,
				81C4D65F29FAA2FC006C43D8 /* Products */,
			);
			sourceTree = "<group>";
		};
		81C4D65F29FAA2FC006C43D8 /* Products */ = {
			isa = PBXGroup;
			children = (
				81C4D65E29FAA2FC006C43D8 /* AluraViagens.app */,
			);
			name = Products;
			sourceTree = "<group>";
		};
		81C4D66029FAA2FC006C43D8 /* AluraViagens */ = {
			isa = PBXGroup;
			children = (
				81C4D67629FAFDB9006C43D8 /* Views */,
				81C4D67129FAFB7B006C43D8 /* Models */,
				81C4D66129FAA2FC006C43D8 /* AluraViagensApp.swift */,
				81C4D66529FAA2FE006C43D8 /* Assets.xcassets */,
				81C4D66F29FAF88E006C43D8 /* viagens.json */,
				81C4D66729FAA2FE006C43D8 /* Preview Content */,
			);
			path = AluraViagens;
			sourceTree = "<group>";
		};
		81C4D66729FAA2FE006C43D8 /* Preview Content */ = {
			isa = PBXGroup;
			children = (
				81C4D66829FAA2FE006C43D8 /* Preview Assets.xcassets */,
			);
			path = "Preview Content";
			sourceTree = "<group>";
		};
		81C4D67129FAFB7B006C43D8 /* Models */ = {
			isa = PBXGroup;
			children = (
				81C4D67229FAFBA2006C43D8 /* Dados.swift */,
				81C4D67329FAFBA2006C43D8 /* Viagem.swift */,
			);
			path = Models;
			sourceTree = "<group>";
		};
		81C4D67629FAFDB9006C43D8 /* Views */ = {
			isa = PBXGroup;
			children = (
				81C4D66329FAA2FC006C43D8 /* ContentView.swift */,
				81C4D67729FAFDDA006C43D8 /* HeaderView.swift */,
				81C4D67929FAFEA1006C43D8 /* CelulaViagemView.swift */,
				8122D6F529FC4A6E001ABD29 /* MapaView.swift */,
			);
			path = Views;
			sourceTree = "<group>";
		};
/* End PBXGroup section */

/* Begin PBXNativeTarget section */
		81C4D65D29FAA2FC006C43D8 /* AluraViagens */ = {
			isa = PBXNativeTarget;
			buildConfigurationList = 81C4D66C29FAA2FE006C43D8 /* Build configuration list for PBXNativeTarget "AluraViagens" */;
			buildPhases = (
				81C4D65A29FAA2FC006C43D8 /* Sources */,
				81C4D65B29FAA2FC006C43D8 /* Frameworks */,
				81C4D65C29FAA2FC006C43D8 /* Resources */,
			);
			buildRules = (
			);
			dependencies = (
			);
			name = AluraViagens;
			productName = AluraViagens;
			productReference = 81C4D65E29FAA2FC006C43D8 /* AluraViagens.app */;
			productType = "com.apple.product-type.application";
		};
/* End PBXNativeTarget section */

/* Begin PBXProject section */
		81C4D65629FAA2FC006C43D8 /* Project object */ = {
			isa = PBXProject;
			attributes = {
				BuildIndependentTargetsInParallel = 1;
				LastSwiftUpdateCheck = 1430;
				LastUpgradeCheck = 1430;
				TargetAttributes = {
					81C4D65D29FAA2FC006C43D8 = {
						CreatedOnToolsVersion = 14.3;
					};
				};
			};
			buildConfigurationList = 81C4D65929FAA2FC006C43D8 /* Build configuration list for PBXProject "AluraViagens" */;
			compatibilityVersion = "Xcode 14.0";
			developmentRegion = en;
			hasScannedForEncodings = 0;
			knownRegions = (
				en,
				Base,
			);
			mainGroup = 81C4D65529FAA2FC006C43D8;
			productRefGroup = 81C4D65F29FAA2FC006C43D8 /* Products */;
			projectDirPath = "";
			projectRoot = "";
			targets = (
				81C4D65D29FAA2FC006C43D8 /* AluraViagens */,
			);
		};
/* End PBXProject section */

/* Begin PBXResourcesBuildPhase section */
		81C4D65C29FAA2FC006C43D8 /* Resources */ = {
			isa = PBXResourcesBuildPhase;
			buildActionMask = 2147483647;
			files = (
				81C4D66929FAA2FE006C43D8 /* Preview Assets.xcassets in Resources */,
				81C4D66629FAA2FE006C43D8 /* Assets.xcassets in Resources */,
				81C4D67029FAF88E006C43D8 /* viagens.json in Resources */,
			);
			runOnlyForDeploymentPostprocessing = 0;
		};
/* End PBXResourcesBuildPhase section */

/* Begin PBXSourcesBuildPhase section */
		81C4D65A29FAA2FC006C43D8 /* Sources */ = {
			isa = PBXSourcesBuildPhase;
			buildActionMask = 2147483647;
			files = (
				81C4D67829FAFDDA006C43D8 /* HeaderView.swift in Sources */,
				8122D6F629FC4A6E001ABD29 /* MapaView.swift in Sources */,
				81C4D67529FAFBA2006C43D8 /* Viagem.swift in Sources */,
				81C4D66429FAA2FC006C43D8 /* ContentView.swift in Sources */,
				81C4D67429FAFBA2006C43D8 /* Dados.swift in Sources */,
				81C4D66229FAA2FC006C43D8 /* AluraViagensApp.swift in Sources */,
				81C4D67A29FAFEA1006C43D8 /* CelulaViagemView.swift in Sources */,
			);
			runOnlyForDeploymentPostprocessing = 0;
		};
/* End PBXSourcesBuildPhase section */

/* Begin XCBuildConfiguration section */
		81C4D66A29FAA2FE006C43D8 /* Debug */ = {
			isa = XCBuildConfiguration;
			buildSettings = {
				ALWAYS_SEARCH_USER_PATHS = NO;
				CLANG_ANALYZER_NONNULL = YES;
				CLANG_ANALYZER_NUMBER_OBJECT_CONVERSION = YES_AGGRESSIVE;
				CLANG_CXX_LANGUAGE_STANDARD = "gnu++20";
				CLANG_ENABLE_MODULES = YES;
				CLANG_ENABLE_OBJC_ARC = YES;
				CLANG_ENABLE_OBJC_WEAK = YES;
				CLANG_WARN_BLOCK_CAPTURE_AUTORELEASING = YES;
				CLANG_WARN_BOOL_CONVERSION = YES;
				CLANG_WARN_COMMA = YES;
				CLANG_WARN_CONSTANT_CONVERSION = YES;
				CLANG_WARN_DEPRECATED_OBJC_IMPLEMENTATIONS = YES;
				CLANG_WARN_DIRECT_OBJC_ISA_USAGE = YES_ERROR;
				CLANG_WARN_DOCUMENTATION_COMMENTS = YES;
				CLANG_WARN_EMPTY_BODY = YES;
				CLANG_WARN_ENUM_CONVERSION = YES;
				CLANG_WARN_INFINITE_RECURSION = YES;
				CLANG_WARN_INT_CONVERSION = YES;
				CLANG_WARN_NON_LITERAL_NULL_CONVERSION = YES;
				CLANG_WARN_OBJC_IMPLICIT_RETAIN_SELF = YES;
				CLANG_WARN_OBJC_LITERAL_CONVERSION = YES;
				CLANG_WARN_OBJC_ROOT_CLASS = YES_ERROR;
				CLANG_WARN_QUOTED_INCLUDE_IN_FRAMEWORK_HEADER = YES;
				CLANG_WARN_RANGE_LOOP_ANALYSIS = YES;
				CLANG_WARN_STRICT_PROTOTYPES = YES;
				CLANG_WARN_SUSPICIOUS_MOVE = YES;
				CLANG_WARN_UNGUARDED_AVAILABILITY = YES_AGGRESSIVE;
				CLANG_WARN_UNREACHABLE_CODE = YES;
				CLANG_WARN__DUPLICATE_METHOD_MATCH = YES;
				COPY_PHASE_STRIP = NO;
				DEBUG_INFORMATION_FORMAT = dwarf;
				ENABLE_STRICT_OBJC_MSGSEND = YES;
				ENABLE_TESTABILITY = YES;
				GCC_C_LANGUAGE_STANDARD = gnu11;
				GCC_DYNAMIC_NO_PIC = NO;
				GCC_NO_COMMON_BLOCKS = YES;
				GCC_OPTIMIZATION_LEVEL = 0;
				GCC_PREPROCESSOR_DEFINITIONS = (
					"DEBUG=1",
					"$(inherited)",
				);
				GCC_WARN_64_TO_32_BIT_CONVERSION = YES;
				GCC_WARN_ABOUT_RETURN_TYPE = YES_ERROR;
				GCC_WARN_UNDECLARED_SELECTOR = YES;
				GCC_WARN_UNINITIALIZED_AUTOS = YES_AGGRESSIVE;
				GCC_WARN_UNUSED_FUNCTION = YES;
				GCC_WARN_UNUSED_VARIABLE = YES;
				IPHONEOS_DEPLOYMENT_TARGET = 16.4;
				MTL_ENABLE_DEBUG_INFO = INCLUDE_SOURCE;
				MTL_FAST_MATH = YES;
				ONLY_ACTIVE_ARCH = YES;
				SDKROOT = iphoneos;
				SWIFT_ACTIVE_COMPILATION_CONDITIONS = DEBUG;
				SWIFT_OPTIMIZATION_LEVEL = "-Onone";
			};
			name = Debug;
		};
		81C4D66B29FAA2FE006C43D8 /* Release */ = {
			isa = XCBuildConfiguration;
			buildSettings = {
				ALWAYS_SEARCH_USER_PATHS = NO;
				CLANG_ANALYZER_NONNULL = YES;
				CLANG_ANALYZER_NUMBER_OBJECT_CONVERSION = YES_AGGRESSIVE;
				CLANG_CXX_LANGUAGE_STANDARD = "gnu++20";
				CLANG_ENABLE_MODULES = YES;
				CLANG_ENABLE_OBJC_ARC = YES;
				CLANG_ENABLE_OBJC_WEAK = YES;
				CLANG_WARN_BLOCK_CAPTURE_AUTORELEASING = YES;
				CLANG_WARN_BOOL_CONVERSION = YES;
				CLANG_WARN_COMMA = YES;
				CLANG_WARN_CONSTANT_CONVERSION = YES;
				CLANG_WARN_DEPRECATED_OBJC_IMPLEMENTATIONS = YES;
				CLANG_WARN_DIRECT_OBJC_ISA_USAGE = YES_ERROR;
				CLANG_WARN_DOCUMENTATION_COMMENTS = YES;
				CLANG_WARN_EMPTY_BODY = YES;
				CLANG_WARN_ENUM_CONVERSION = YES;
				CLANG_WARN_INFINITE_RECURSION = YES;
				CLANG_WARN_INT_CONVERSION = YES;
				CLANG_WARN_NON_LITERAL_NULL_CONVERSION = YES;
				CLANG_WARN_OBJC_IMPLICIT_RETAIN_SELF = YES;
				CLANG_WARN_OBJC_LITERAL_CONVERSION = YES;
				CLANG_WARN_OBJC_ROOT_CLASS = YES_ERROR;
				CLANG_WARN_QUOTED_INCLUDE_IN_FRAMEWORK_HEADER = YES;
				CLANG_WARN_RANGE_LOOP_ANALYSIS = YES;
				CLANG_WARN_STRICT_PROTOTYPES = YES;
				CLANG_WARN_SUSPICIOUS_MOVE = YES;
				CLANG_WARN_UNGUARDED_AVAILABILITY = YES_AGGRESSIVE;
				CLANG_WARN_UNREACHABLE_CODE = YES;
				CLANG_WARN__DUPLICATE_METHOD_MATCH = YES;
				COPY_PHASE_STRIP = NO;
				DEBUG_INFORMATION_FORMAT = "dwarf-with-dsym";
				ENABLE_NS_ASSERTIONS = NO;
				ENABLE_STRICT_OBJC_MSGSEND = YES;
				GCC_C_LANGUAGE_STANDARD = gnu11;
				GCC_NO_COMMON_BLOCKS = YES;
				GCC_WARN_64_TO_32_BIT_CONVERSION = YES;
				GCC_WARN_ABOUT_RETURN_TYPE = YES_ERROR;
				GCC_WARN_UNDECLARED_SELECTOR = YES;
				GCC_WARN_UNINITIALIZED_AUTOS = YES_AGGRESSIVE;
				GCC_WARN_UNUSED_FUNCTION = YES;
				GCC_WARN_UNUSED_VARIABLE = YES;
				IPHONEOS_DEPLOYMENT_TARGET = 16.4;
				MTL_ENABLE_DEBUG_INFO = NO;
				MTL_FAST_MATH = YES;
				SDKROOT = iphoneos;
				SWIFT_COMPILATION_MODE = wholemodule;
				SWIFT_OPTIMIZATION_LEVEL = "-O";
				VALIDATE_PRODUCT = YES;
			};
			name = Release;
		};
		81C4D66D29FAA2FE006C43D8 /* Debug */ = {
			isa = XCBuildConfiguration;
			buildSettings = {
				ASSETCATALOG_COMPILER_APPICON_NAME = AppIcon;
				ASSETCATALOG_COMPILER_GLOBAL_ACCENT_COLOR_NAME = AccentColor;
				CODE_SIGN_STYLE = Automatic;
				CURRENT_PROJECT_VERSION = 1;
				DEVELOPMENT_ASSET_PATHS = "\"AluraViagens/Preview Content\"";
				DEVELOPMENT_TEAM = 94LFJU4598;
				ENABLE_PREVIEWS = YES;
				GENERATE_INFOPLIST_FILE = YES;
				INFOPLIST_KEY_UIApplicationSceneManifest_Generation = YES;
				INFOPLIST_KEY_UIApplicationSupportsIndirectInputEvents = YES;
				INFOPLIST_KEY_UILaunchScreen_Generation = YES;
				INFOPLIST_KEY_UISupportedInterfaceOrientations_iPad = "UIInterfaceOrientationPortrait UIInterfaceOrientationPortraitUpsideDown UIInterfaceOrientationLandscapeLeft UIInterfaceOrientationLandscapeRight";
				INFOPLIST_KEY_UISupportedInterfaceOrientations_iPhone = "UIInterfaceOrientationPortrait UIInterfaceOrientationLandscapeLeft UIInterfaceOrientationLandscapeRight";
				LD_RUNPATH_SEARCH_PATHS = (
					"$(inherited)",
					"@executable_path/Frameworks",
				);
				MARKETING_VERSION = 1.0;
				PRODUCT_BUNDLE_IDENTIFIER = damaren.AluraViagens;
				PRODUCT_NAME = "$(TARGET_NAME)";
				SWIFT_EMIT_LOC_STRINGS = YES;
				SWIFT_VERSION = 5.0;
				TARGETED_DEVICE_FAMILY = "1,2";
			};
			name = Debug;
		};
		81C4D66E29FAA2FE006C43D8 /* Release */ = {
			isa = XCBuildConfiguration;
			buildSettings = {
				ASSETCATALOG_COMPILER_APPICON_NAME = AppIcon;
				ASSETCATALOG_COMPILER_GLOBAL_ACCENT_COLOR_NAME = AccentColor;
				CODE_SIGN_STYLE = Automatic;
				CURRENT_PROJECT_VERSION = 1;
				DEVELOPMENT_ASSET_PATHS = "\"AluraViagens/Preview Content\"";
				DEVELOPMENT_TEAM = 94LFJU4598;
				ENABLE_PREVIEWS = YES;
				GENERATE_INFOPLIST_FILE = YES;
				INFOPLIST_KEY_UIApplicationSceneManifest_Generation = YES;
				INFOPLIST_KEY_UIApplicationSupportsIndirectInputEvents = YES;
				INFOPLIST_KEY_UILaunchScreen_Generation = YES;
				INFOPLIST_KEY_UISupportedInterfaceOrientations_iPad = "UIInterfaceOrientationPortrait UIInterfaceOrientationPortraitUpsideDown UIInterfaceOrientationLandscapeLeft UIInterfaceOrientationLandscapeRight";
				INFOPLIST_KEY_UISupportedInterfaceOrientations_iPhone = "UIInterfaceOrientationPortrait UIInterfaceOrientationLandscapeLeft UIInterfaceOrientationLandscapeRight";
				LD_RUNPATH_SEARCH_PATHS = (
					"$(inherited)",
					"@executable_path/Frameworks",
				);
				MARKETING_VERSION = 1.0;
				PRODUCT_BUNDLE_IDENTIFIER = damaren.AluraViagens;
				PRODUCT_NAME = "$(TARGET_NAME)";
				SWIFT_EMIT_LOC_STRINGS = YES;
				SWIFT_VERSION = 5.0;
				TARGETED_DEVICE_FAMILY = "1,2";
			};
			name = Release;
		};
/* End XCBuildConfiguration section */

/* Begin XCConfigurationList section */
		81C4D65929FAA2FC006C43D8 /* Build configuration list for PBXProject "AluraViagens" */ = {
			isa = XCConfigurationList;
			buildConfigurations = (
				81C4D66A29FAA2FE006C43D8 /* Debug */,
				81C4D66B29FAA2FE006C43D8 /* Release */,
			);
			defaultConfigurationIsVisible = 0;
			defaultConfigurationName = Release;
		};
		81C4D66C29FAA2FE006C43D8 /* Build configuration list for PBXNativeTarget "AluraViagens" */ = {
			isa = XCConfigurationList;
			buildConfigurations = (
				81C4D66D29FAA2FE006C43D8 /* Debug */,
				81C4D66E29FAA2FE006C43D8 /* Release */,
			);
			defaultConfigurationIsVisible = 0;
			defaultConfigurationName = Release;
		};
/* End XCConfigurationList section */
	};
	rootObject = 81C4D65629FAA2FC006C43D8 /* Project object */;
}
